
Microsoft Visual Studio Solution File, Format Version 12.00
Project("{FAE04EC0-301F-11D3-BF4B-00C04F79EFBC}") = "AvaloniaWhatKey", "AvaloniaWhatKey\AvaloniaWhatKey.csproj", "{C5D03CA1-1F8C-42DB-BE50-9573D3FF8EE1}"
EndProject
Global
	GlobalSection(SolutionConfigurationPlatforms) = preSolution
		Debug|Any CPU = Debug|Any CPU
		Release|Any CPU = Release|Any CPU
	EndGlobalSection
	GlobalSection(ProjectConfigurationPlatforms) = postSolution
		{C5D03CA1-1F8C-42DB-BE50-9573D3FF8EE1}.Debug|Any CPU.ActiveCfg = Debug|Any CPU
		{C5D03CA1-1F8C-42DB-BE50-9573D3FF8EE1}.Debug|Any CPU.Build.0 = Debug|Any CPU
		{C5D03CA1-1F8C-42DB-BE50-9573D3FF8EE1}.Release|Any CPU.ActiveCfg = Release|Any CPU
		{C5D03CA1-1F8C-42DB-BE50-9573D3FF8EE1}.Release|Any CPU.Build.0 = Release|Any CPU
	EndGlobalSection
EndGlobal
